
Microsoft Visual Studio Solution File, Format Version 12.00
# Visual Studio Version 17
VisualStudioVersion = 17.3.32825.248
MinimumVisualStudioVersion = 10.0.40219.1
Project("{9A19103F-16F7-4668-BE54-9A1E7A4F7556}") = "RecipeBook", "RecipeBook\RecipeBook.csproj", "{2FD76E21-C4E1-451E-B6C6-01FE18A621F1}"
EndProject
Project("{9A19103F-16F7-4668-BE54-9A1E7A4F7556}") = "RecipeBook.Data", "Recipes.Data\RecipeBook.Data.csproj", "{DA2FD611-2882-460A-88A8-B94DB05E3CE4}"
EndProject
Project("{FAE04EC0-301F-11D3-BF4B-00C04F79EFBC}") = "RecipeBookAPI", "RecipeBookAPI\RecipeBookAPI.csproj", "{843D48C7-0E0B-4289-97CE-93D849409BC8}"
EndProject
Global
	GlobalSection(SolutionConfigurationPlatforms) = preSolution
		Debug|Any CPU = Debug|Any CPU
		Release|Any CPU = Release|Any CPU
	EndGlobalSection
	GlobalSection(ProjectConfigurationPlatforms) = postSolution
		{2FD76E21-C4E1-451E-B6C6-01FE18A621F1}.Debug|Any CPU.ActiveCfg = Debug|Any CPU
		{2FD76E21-C4E1-451E-B6C6-01FE18A621F1}.Debug|Any CPU.Build.0 = Debug|Any CPU
		{2FD76E21-C4E1-451E-B6C6-01FE18A621F1}.Release|Any CPU.ActiveCfg = Release|Any CPU
		{2FD76E21-C4E1-451E-B6C6-01FE18A621F1}.Release|Any CPU.Build.0 = Release|Any CPU
		{DA2FD611-2882-460A-88A8-B94DB05E3CE4}.Debug|Any CPU.ActiveCfg = Debug|Any CPU
		{DA2FD611-2882-460A-88A8-B94DB05E3CE4}.Debug|Any CPU.Build.0 = Debug|Any CPU
		{DA2FD611-2882-460A-88A8-B94DB05E3CE4}.Release|Any CPU.ActiveCfg = Release|Any CPU
		{DA2FD611-2882-460A-88A8-B94DB05E3CE4}.Release|Any CPU.Build.0 = Release|Any CPU
		{843D48C7-0E0B-4289-97CE-93D849409BC8}.Debug|Any CPU.ActiveCfg = Debug|Any CPU
		{843D48C7-0E0B-4289-97CE-93D849409BC8}.Debug|Any CPU.Build.0 = Debug|Any CPU
		{843D48C7-0E0B-4289-97CE-93D849409BC8}.Release|Any CPU.ActiveCfg = Release|Any CPU
		{843D48C7-0E0B-4289-97CE-93D849409BC8}.Release|Any CPU.Build.0 = Release|Any CPU
	EndGlobalSection
	GlobalSection(SolutionProperties) = preSolution
		HideSolutionNode = FALSE
	EndGlobalSection
	GlobalSection(ExtensibilityGlobals) = postSolution
		SolutionGuid = {EAFC1D9E-433E-4E8E-8002-7EE6C02DBE7D}
	EndGlobalSection
EndGlobal
